
Microsoft Visual Studio Solution File, Format Version 12.00
# Visual Studio 15
VisualStudioVersion = 15.0.27703.2026
MinimumVisualStudioVersion = 10.0.40219.1
Project("{FAE04EC0-301F-11D3-BF4B-00C04F79EFBC}") = "MiddleManServer", "MiddleManServer\MiddleManServer.csproj", "{968D4824-8641-4D26-B377-AB36283F7BC2}"
EndProject
Global
	GlobalSection(SolutionConfigurationPlatforms) = preSolution
		Debug|Any CPU = Debug|Any CPU
		Release|Any CPU = Release|Any CPU
	EndGlobalSection
	GlobalSection(ProjectConfigurationPlatforms) = postSolution
		{968D4824-8641-4D26-B377-AB36283F7BC2}.Debug|Any CPU.ActiveCfg = Debug|Any CPU
		{968D4824-8641-4D26-B377-AB36283F7BC2}.Debug|Any CPU.Build.0 = Debug|Any CPU
		{968D4824-8641-4D26-B377-AB36283F7BC2}.Release|Any CPU.ActiveCfg = Release|Any CPU
		{968D4824-8641-4D26-B377-AB36283F7BC2}.Release|Any CPU.Build.0 = Release|Any CPU
	EndGlobalSection
	GlobalSection(SolutionProperties) = preSolution
		HideSolutionNode = FALSE
	EndGlobalSection
	GlobalSection(ExtensibilityGlobals) = postSolution
		SolutionGuid = {2DDAD41A-A4EA-4B15-AFAA-400C1E6946CC}
	EndGlobalSection
EndGlobal
